// !$*UTF8*$!
{
	archiveVersion = 1;
	classes = {
	};
	objectVersion = 46;
	objects = {

/* Begin PBXBuildFile section */
		FA2731D71CADA69E0077717E /* ParasiteRuntime.h in Headers */ = {isa = PBXBuildFile; fileRef = FA2731D61CADA69E0077717E /* ParasiteRuntime.h */; settings = {ATTRIBUTES = (Public, ); }; };
		FA2731DF1CADA79B0077717E /* libsubstitute.dylib in Frameworks */ = {isa = PBXBuildFile; fileRef = FA2731DE1CADA79B0077717E /* libsubstitute.dylib */; };
		FA2731E21CADA7C90077717E /* libsubstitute.dylib in Resources */ = {isa = PBXBuildFile; fileRef = FA2731DE1CADA79B0077717E /* libsubstitute.dylib */; };
		FA2731E51CADA8F30077717E /* ZKSwizzle.h in Headers */ = {isa = PBXBuildFile; fileRef = FA2731E31CADA8F30077717E /* ZKSwizzle.h */; settings = {ATTRIBUTES = (Public, ); }; };
		FA2731E61CADA8F30077717E /* ZKSwizzle.m in Sources */ = {isa = PBXBuildFile; fileRef = FA2731E41CADA8F30077717E /* ZKSwizzle.m */; };
		FA2731E91CADA9800077717E /* PSHook.c in Sources */ = {isa = PBXBuildFile; fileRef = FA2731E71CADA9800077717E /* PSHook.c */; };
		FA2731EA1CADA9800077717E /* PSHook.h in Headers */ = {isa = PBXBuildFile; fileRef = FA2731E81CADA9800077717E /* PSHook.h */; settings = {ATTRIBUTES = (Public, ); }; };
		FAC096F11CB702EF0047496D /* PSRuntime.m in Sources */ = {isa = PBXBuildFile; fileRef = FAC096F01CB702EF0047496D /* PSRuntime.m */; };
		FAC096F41CB7036F0047496D /* libdummy.c in Sources */ = {isa = PBXBuildFile; fileRef = FAC096F21CB7034E0047496D /* libdummy.c */; };
/* End PBXBuildFile section */

/* Begin PBXContainerItemProxy section */
		FAC096F51CB703750047496D /* PBXContainerItemProxy */ = {
			isa = PBXContainerItemProxy;
			containerPortal = FA2731CA1CADA69E0077717E /* Project object */;
			proxyType = 1;
			remoteGlobalIDString = FAC096EB1CB702740047496D;
			remoteInfo = dummyLoader;
		};
/* End PBXContainerItemProxy section */

/* Begin PBXFileReference section */
		FA2731D31CADA69E0077717E /* ParasiteRuntime.framework */ = {isa = PBXFileReference; explicitFileType = wrapper.framework; includeInIndex = 0; path = ParasiteRuntime.framework; sourceTree = BUILT_PRODUCTS_DIR; };
		FA2731D61CADA69E0077717E /* ParasiteRuntime.h */ = {isa = PBXFileReference; lastKnownFileType = sourcecode.c.h; path = ParasiteRuntime.h; sourceTree = "<group>"; };
		FA2731D81CADA69E0077717E /* Info.plist */ = {isa = PBXFileReference; lastKnownFileType = text.plist.xml; path = Info.plist; sourceTree = "<group>"; };
		FA2731DE1CADA79B0077717E /* libsubstitute.dylib */ = {isa = PBXFileReference; lastKnownFileType = "compiled.mach-o.dylib"; path = libsubstitute.dylib; sourceTree = "<group>"; };
		FA2731E31CADA8F30077717E /* ZKSwizzle.h */ = {isa = PBXFileReference; fileEncoding = 4; lastKnownFileType = sourcecode.c.h; name = ZKSwizzle.h; path = ZKSwizzle/ZKSwizzle/ZKSwizzle.h; sourceTree = "<group>"; };
		FA2731E41CADA8F30077717E /* ZKSwizzle.m */ = {isa = PBXFileReference; fileEncoding = 4; lastKnownFileType = sourcecode.c.objc; name = ZKSwizzle.m; path = ZKSwizzle/ZKSwizzle/ZKSwizzle.m; sourceTree = "<group>"; };
		FA2731E71CADA9800077717E /* PSHook.c */ = {isa = PBXFileReference; fileEncoding = 4; lastKnownFileType = sourcecode.c.c; path = PSHook.c; sourceTree = "<group>"; };
		FA2731E81CADA9800077717E /* PSHook.h */ = {isa = PBXFileReference; fileEncoding = 4; lastKnownFileType = sourcecode.c.h; path = PSHook.h; sourceTree = "<group>"; };
		FAC096EC1CB702740047496D /* libdummyLoader.dylib */ = {isa = PBXFileReference; explicitFileType = "compiled.mach-o.dylib"; includeInIndex = 0; path = libdummyLoader.dylib; sourceTree = BUILT_PRODUCTS_DIR; };
		FAC096F01CB702EF0047496D /* PSRuntime.m */ = {isa = PBXFileReference; fileEncoding = 4; lastKnownFileType = sourcecode.c.objc; path = PSRuntime.m; sourceTree = "<group>"; };
		FAC096F21CB7034E0047496D /* libdummy.c */ = {isa = PBXFileReference; fileEncoding = 4; lastKnownFileType = sourcecode.c.c; path = libdummy.c; sourceTree = "<group>"; };
/* End PBXFileReference section */

/* Begin PBXFrameworksBuildPhase section */
		FA2731CF1CADA69E0077717E /* Frameworks */ = {
			isa = PBXFrameworksBuildPhase;
			buildActionMask = 2147483647;
			files = (
				FA2731DF1CADA79B0077717E /* libsubstitute.dylib in Frameworks */,
			);
			runOnlyForDeploymentPostprocessing = 0;
		};
		FAC096E91CB702740047496D /* Frameworks */ = {
			isa = PBXFrameworksBuildPhase;
			buildActionMask = 2147483647;
			files = (
			);
			runOnlyForDeploymentPostprocessing = 0;
		};
/* End PBXFrameworksBuildPhase section */

/* Begin PBXGroup section */
		FA2731C91CADA69E0077717E = {
			isa = PBXGroup;
			children = (
				FA2731D51CADA69E0077717E /* ParasiteRuntime */,
				FA2731D41CADA69E0077717E /* Products */,
			);
			sourceTree = "<group>";
		};
		FA2731D41CADA69E0077717E /* Products */ = {
			isa = PBXGroup;
			children = (
				FA2731D31CADA69E0077717E /* ParasiteRuntime.framework */,
				FAC096EC1CB702740047496D /* libdummyLoader.dylib */,
			);
			name = Products;
			sourceTree = "<group>";
		};
		FA2731D51CADA69E0077717E /* ParasiteRuntime */ = {
			isa = PBXGroup;
			children = (
				FA2731E31CADA8F30077717E /* ZKSwizzle.h */,
				FA2731E41CADA8F30077717E /* ZKSwizzle.m */,
				FA2731E81CADA9800077717E /* PSHook.h */,
				FA2731E71CADA9800077717E /* PSHook.c */,
				FAC096F01CB702EF0047496D /* PSRuntime.m */,
				FAC096F21CB7034E0047496D /* libdummy.c */,
				FA2731DE1CADA79B0077717E /* libsubstitute.dylib */,
				FA2731D61CADA69E0077717E /* ParasiteRuntime.h */,
				FA2731D81CADA69E0077717E /* Info.plist */,
			);
			path = ParasiteRuntime;
			sourceTree = "<group>";
		};
/* End PBXGroup section */

/* Begin PBXHeadersBuildPhase section */
		FA2731D01CADA69E0077717E /* Headers */ = {
			isa = PBXHeadersBuildPhase;
			buildActionMask = 2147483647;
			files = (
				FA2731E51CADA8F30077717E /* ZKSwizzle.h in Headers */,
				FA2731D71CADA69E0077717E /* ParasiteRuntime.h in Headers */,
				FA2731EA1CADA9800077717E /* PSHook.h in Headers */,
			);
			runOnlyForDeploymentPostprocessing = 0;
		};
		FAC096EA1CB702740047496D /* Headers */ = {
			isa = PBXHeadersBuildPhase;
			buildActionMask = 2147483647;
			files = (
			);
			runOnlyForDeploymentPostprocessing = 0;
		};
/* End PBXHeadersBuildPhase section */

/* Begin PBXNativeTarget section */
		FA2731D21CADA69E0077717E /* ParasiteRuntime */ = {
			isa = PBXNativeTarget;
			buildConfigurationList = FA2731DB1CADA69E0077717E /* Build configuration list for PBXNativeTarget "ParasiteRuntime" */;
			buildPhases = (
				FA2731CE1CADA69E0077717E /* Sources */,
				FA2731CF1CADA69E0077717E /* Frameworks */,
				FA2731D01CADA69E0077717E /* Headers */,
				FA2731D11CADA69E0077717E /* Resources */,
			);
			buildRules = (
			);
			dependencies = (
				FAC096F61CB703750047496D /* PBXTargetDependency */,
			);
			name = ParasiteRuntime;
			productName = ParasiteRuntime;
			productReference = FA2731D31CADA69E0077717E /* ParasiteRuntime.framework */;
			productType = "com.apple.product-type.framework";
		};
		FAC096EB1CB702740047496D /* dummyLoader */ = {
			isa = PBXNativeTarget;
			buildConfigurationList = FAC096ED1CB702740047496D /* Build configuration list for PBXNativeTarget "dummyLoader" */;
			buildPhases = (
				FAC096E81CB702740047496D /* Sources */,
				FAC096E91CB702740047496D /* Frameworks */,
				FAC096EA1CB702740047496D /* Headers */,
			);
			buildRules = (
			);
			dependencies = (
			);
			name = dummyLoader;
			productName = dummyLoader;
			productReference = FAC096EC1CB702740047496D /* libdummyLoader.dylib */;
			productType = "com.apple.product-type.library.dynamic";
		};
/* End PBXNativeTarget section */

/* Begin PBXProject section */
		FA2731CA1CADA69E0077717E /* Project object */ = {
			isa = PBXProject;
			attributes = {
				LastUpgradeCheck = 0730;
				ORGANIZATIONNAME = ParasiteTeam;
				TargetAttributes = {
					FA2731D21CADA69E0077717E = {
						CreatedOnToolsVersion = 7.3;
					};
					FAC096EB1CB702740047496D = {
						CreatedOnToolsVersion = 7.3;
					};
				};
			};
			buildConfigurationList = FA2731CD1CADA69E0077717E /* Build configuration list for PBXProject "ParasiteRuntime" */;
			compatibilityVersion = "Xcode 3.2";
			developmentRegion = English;
			hasScannedForEncodings = 0;
			knownRegions = (
				en,
			);
			mainGroup = FA2731C91CADA69E0077717E;
			productRefGroup = FA2731D41CADA69E0077717E /* Products */;
			projectDirPath = "";
			projectRoot = "";
			targets = (
				FA2731D21CADA69E0077717E /* ParasiteRuntime */,
				FAC096EB1CB702740047496D /* dummyLoader */,
			);
		};
/* End PBXProject section */

/* Begin PBXResourcesBuildPhase section */
		FA2731D11CADA69E0077717E /* Resources */ = {
			isa = PBXResourcesBuildPhase;
			buildActionMask = 2147483647;
			files = (
				FA2731E21CADA7C90077717E /* libsubstitute.dylib in Resources */,
			);
			runOnlyForDeploymentPostprocessing = 0;
		};
/* End PBXResourcesBuildPhase section */

/* Begin PBXSourcesBuildPhase section */
		FA2731CE1CADA69E0077717E /* Sources */ = {
			isa = PBXSourcesBuildPhase;
			buildActionMask = 2147483647;
			files = (
				FA2731E61CADA8F30077717E /* ZKSwizzle.m in Sources */,
				FAC096F11CB702EF0047496D /* PSRuntime.m in Sources */,
				FA2731E91CADA9800077717E /* PSHook.c in Sources */,
			);
			runOnlyForDeploymentPostprocessing = 0;
		};
		FAC096E81CB702740047496D /* Sources */ = {
			isa = PBXSourcesBuildPhase;
			buildActionMask = 2147483647;
			files = (
				FAC096F41CB7036F0047496D /* libdummy.c in Sources */,
			);
			runOnlyForDeploymentPostprocessing = 0;
		};
/* End PBXSourcesBuildPhase section */

/* Begin PBXTargetDependency section */
		FAC096F61CB703750047496D /* PBXTargetDependency */ = {
			isa = PBXTargetDependency;
			target = FAC096EB1CB702740047496D /* dummyLoader */;
			targetProxy = FAC096F51CB703750047496D /* PBXContainerItemProxy */;
		};
/* End PBXTargetDependency section */

/* Begin XCBuildConfiguration section */
		FA2731D91CADA69E0077717E /* Debug */ = {
			isa = XCBuildConfiguration;
			buildSettings = {
				ALWAYS_SEARCH_USER_PATHS = NO;
				CLANG_CXX_LANGUAGE_STANDARD = "gnu++0x";
				CLANG_CXX_LIBRARY = "libc++";
				CLANG_ENABLE_MODULES = YES;
				CLANG_ENABLE_OBJC_ARC = NO;
				CLANG_WARN_BOOL_CONVERSION = YES;
				CLANG_WARN_CONSTANT_CONVERSION = YES;
				CLANG_WARN_DIRECT_OBJC_ISA_USAGE = YES_ERROR;
				CLANG_WARN_EMPTY_BODY = YES;
				CLANG_WARN_ENUM_CONVERSION = YES;
				CLANG_WARN_INT_CONVERSION = YES;
				CLANG_WARN_OBJC_ROOT_CLASS = YES_ERROR;
				CLANG_WARN_UNREACHABLE_CODE = YES;
				CLANG_WARN__DUPLICATE_METHOD_MATCH = YES;
				CODE_SIGN_IDENTITY = "-";
				COPY_PHASE_STRIP = NO;
				CURRENT_PROJECT_VERSION = 1;
				DEBUG_INFORMATION_FORMAT = dwarf;
				ENABLE_STRICT_OBJC_MSGSEND = YES;
				ENABLE_TESTABILITY = YES;
				GCC_C_LANGUAGE_STANDARD = gnu99;
				GCC_DYNAMIC_NO_PIC = NO;
				GCC_NO_COMMON_BLOCKS = YES;
				GCC_OPTIMIZATION_LEVEL = 0;
				GCC_PREPROCESSOR_DEFINITIONS = (
					"DEBUG=1",
					"$(inherited)",
				);
				GCC_WARN_64_TO_32_BIT_CONVERSION = YES;
				GCC_WARN_ABOUT_RETURN_TYPE = YES_ERROR;
				GCC_WARN_UNDECLARED_SELECTOR = YES;
				GCC_WARN_UNINITIALIZED_AUTOS = YES_AGGRESSIVE;
				GCC_WARN_UNUSED_FUNCTION = YES;
				GCC_WARN_UNUSED_VARIABLE = YES;
				MACOSX_DEPLOYMENT_TARGET = 10.11;
				MTL_ENABLE_DEBUG_INFO = YES;
				ONLY_ACTIVE_ARCH = YES;
				SDKROOT = macosx;
				VERSIONING_SYSTEM = "apple-generic";
				VERSION_INFO_PREFIX = "";
			};
			name = Debug;
		};
		FA2731DA1CADA69E0077717E /* Release */ = {
			isa = XCBuildConfiguration;
			buildSettings = {
				ALWAYS_SEARCH_USER_PATHS = NO;
				CLANG_CXX_LANGUAGE_STANDARD = "gnu++0x";
				CLANG_CXX_LIBRARY = "libc++";
				CLANG_ENABLE_MODULES = YES;
				CLANG_ENABLE_OBJC_ARC = NO;
				CLANG_WARN_BOOL_CONVERSION = YES;
				CLANG_WARN_CONSTANT_CONVERSION = YES;
				CLANG_WARN_DIRECT_OBJC_ISA_USAGE = YES_ERROR;
				CLANG_WARN_EMPTY_BODY = YES;
				CLANG_WARN_ENUM_CONVERSION = YES;
				CLANG_WARN_INT_CONVERSION = YES;
				CLANG_WARN_OBJC_ROOT_CLASS = YES_ERROR;
				CLANG_WARN_UNREACHABLE_CODE = YES;
				CLANG_WARN__DUPLICATE_METHOD_MATCH = YES;
				CODE_SIGN_IDENTITY = "-";
				COPY_PHASE_STRIP = NO;
				CURRENT_PROJECT_VERSION = 1;
				DEBUG_INFORMATION_FORMAT = "dwarf-with-dsym";
				ENABLE_NS_ASSERTIONS = NO;
				ENABLE_STRICT_OBJC_MSGSEND = YES;
				GCC_C_LANGUAGE_STANDARD = gnu99;
				GCC_NO_COMMON_BLOCKS = YES;
				GCC_WARN_64_TO_32_BIT_CONVERSION = YES;
				GCC_WARN_ABOUT_RETURN_TYPE = YES_ERROR;
				GCC_WARN_UNDECLARED_SELECTOR = YES;
				GCC_WARN_UNINITIALIZED_AUTOS = YES_AGGRESSIVE;
				GCC_WARN_UNUSED_FUNCTION = YES;
				GCC_WARN_UNUSED_VARIABLE = YES;
				MACOSX_DEPLOYMENT_TARGET = 10.11;
				MTL_ENABLE_DEBUG_INFO = NO;
				SDKROOT = macosx;
				VERSIONING_SYSTEM = "apple-generic";
				VERSION_INFO_PREFIX = "";
			};
			name = Release;
		};
		FA2731DC1CADA69E0077717E /* Debug */ = {
			isa = XCBuildConfiguration;
			buildSettings = {
				COMBINE_HIDPI_IMAGES = YES;
				DEFINES_MODULE = YES;
				DYLIB_COMPATIBILITY_VERSION = 1;
				DYLIB_CURRENT_VERSION = 1;
				DYLIB_INSTALL_NAME_BASE = /Library/Frameworks;
				FRAMEWORK_VERSION = A;
				INFOPLIST_FILE = ParasiteRuntime/Info.plist;
				INSTALL_PATH = "$(LOCAL_LIBRARY_DIR)/Frameworks";
				LD_RUNPATH_SEARCH_PATHS = "$(inherited) @executable_path/../Frameworks @loader_path/Frameworks";
				LIBRARY_SEARCH_PATHS = (
					"$(inherited)",
					"$(PROJECT_DIR)/ParasiteRuntime",
				);
				OTHER_LDFLAGS = (
					"-flat_namespace",
					"-weak_library",
					"$(SRCROOT)/ParasiteRuntime/libdummyLoader.dylib",
				);
				PRODUCT_BUNDLE_IDENTIFIER = com.parasite.ParasiteRuntime;
				PRODUCT_NAME = "$(TARGET_NAME)";
				SKIP_INSTALL = YES;
			};
			name = Debug;
		};
		FA2731DD1CADA69E0077717E /* Release */ = {
			isa = XCBuildConfiguration;
			buildSettings = {
				COMBINE_HIDPI_IMAGES = YES;
				DEFINES_MODULE = YES;
				DYLIB_COMPATIBILITY_VERSION = 1;
				DYLIB_CURRENT_VERSION = 1;
				DYLIB_INSTALL_NAME_BASE = /Library/Frameworks;
				FRAMEWORK_VERSION = A;
				INFOPLIST_FILE = ParasiteRuntime/Info.plist;
				INSTALL_PATH = "$(LOCAL_LIBRARY_DIR)/Frameworks";
				LD_RUNPATH_SEARCH_PATHS = "$(inherited) @executable_path/../Frameworks @loader_path/Frameworks";
				LIBRARY_SEARCH_PATHS = (
					"$(inherited)",
					"$(PROJECT_DIR)/ParasiteRuntime",
				);
				OTHER_LDFLAGS = (
					"-flat_namespace",
					"-weak_library",
					"$(SRCROOT)/ParasiteRuntime/libdummyLoader.dylib",
				);
				PRODUCT_BUNDLE_IDENTIFIER = com.parasite.ParasiteRuntime;
				PRODUCT_NAME = "$(TARGET_NAME)";
				SKIP_INSTALL = YES;
			};
			name = Release;
		};
		FAC096EE1CB702740047496D /* Debug */ = {
			isa = XCBuildConfiguration;
			buildSettings = {
				CLANG_ANALYZER_NONNULL = YES;
				CLANG_ENABLE_OBJC_ARC = YES;
				DYLIB_COMPATIBILITY_VERSION = 1;
				DYLIB_CURRENT_VERSION = 1;
				EXECUTABLE_PREFIX = lib;
				INSTALL_PATH = /Library/Extensions/Parasite.kext/Contents/Resources;
				LD_DYLIB_INSTALL_NAME = "$(DYLIB_INSTALL_NAME_BASE:standardizepath)/ParasiteLoader.dylib";
				PRODUCT_NAME = "$(TARGET_NAME)";
			};
			name = Debug;
		};
		FAC096EF1CB702740047496D /* Release */ = {
			isa = XCBuildConfiguration;
			buildSettings = {
				CLANG_ANALYZER_NONNULL = YES;
				CLANG_ENABLE_OBJC_ARC = YES;
				DYLIB_COMPATIBILITY_VERSION = 1;
				DYLIB_CURRENT_VERSION = 1;
				EXECUTABLE_PREFIX = lib;
				INSTALL_PATH = /Library/Extensions/Parasite.kext/Contents/Resources;
				LD_DYLIB_INSTALL_NAME = "$(DYLIB_INSTALL_NAME_BASE:standardizepath)/ParasiteLoader.dylib";
				PRODUCT_NAME = "$(TARGET_NAME)";
			};
			name = Release;
		};
/* End XCBuildConfiguration section */

/* Begin XCConfigurationList section */
		FA2731CD1CADA69E0077717E /* Build configuration list for PBXProject "ParasiteRuntime" */ = {
			isa = XCConfigurationList;
			buildConfigurations = (
				FA2731D91CADA69E0077717E /* Debug */,
				FA2731DA1CADA69E0077717E /* Release */,
			);
			defaultConfigurationIsVisible = 0;
			defaultConfigurationName = Release;
		};
		FA2731DB1CADA69E0077717E /* Build configuration list for PBXNativeTarget "ParasiteRuntime" */ = {
			isa = XCConfigurationList;
			buildConfigurations = (
				FA2731DC1CADA69E0077717E /* Debug */,
				FA2731DD1CADA69E0077717E /* Release */,
			);
			defaultConfigurationIsVisible = 0;
			defaultConfigurationName = Release;
		};
		FAC096ED1CB702740047496D /* Build configuration list for PBXNativeTarget "dummyLoader" */ = {
			isa = XCConfigurationList;
			buildConfigurations = (
				FAC096EE1CB702740047496D /* Debug */,
				FAC096EF1CB702740047496D /* Release */,
			);
			defaultConfigurationIsVisible = 0;
		};
/* End XCConfigurationList section */
	};
	rootObject = FA2731CA1CADA69E0077717E /* Project object */;
}
